github.com/consideritdone/polywrap-go v0.0.0-20220828165033-42498c4ffdba h1:zalC+tj7u2wwOA53sJPvPwrIr6bgQF/5KiULuAi0tcE=
github.com/consideritdone/polywrap-go v0.0.0-20220828165033-42498c4ffdba/go.mod h1:IHk2chh2cl2rACqPLh5sE1LKTooxw19biP+zzYOiULg=
github.com/valyala/fastjson v1.6.3 h1:tAKFnnwmeMGPbwJ7IwxcTPCNr3uIzoIj3/Fh90ra4xc=
github.com/valyala/fastjson v1.6.3/go.mod h1:CLCAqky6SMuOcxStkYQvblddUtoRxhYMGLrsQns1aXY=
