# THIS IS AN AUTOGENERATED FILE. DO NOT EDIT THIS FILE DIRECTLY.
# yarn lockfile v1


"@polywrap/wasm-as@../../../../../../../wasm/as":
  version "0.9.1"
  dependencies:
    "@web3api/assemblyscript-json" "1.2.0"
    as-bigint "0.5.3"
    as-bignumber "0.2.1"
    as-container "0.6.1"

"@web3api/assemblyscript-json@1.2.0":
  version "1.2.0"
  resolved "https://registry.yarnpkg.com/@web3api/assemblyscript-json/-/assemblyscript-json-1.2.0.tgz#f01f11f12a66cd1a319d43f12e476307d1ad3da8"
  integrity sha512-x+wchJpH1giJzXj3dYs8vh2SKMXepeqVXiaFV/YCtXg4X/KaUnxi0kp5JugbEAyEJurEScH1YuV6IvGhGui/fw==

as-bigint@0.5.3, as-bigint@^0.5.1:
  version "0.5.3"
  resolved "https://registry.yarnpkg.com/as-bigint/-/as-bigint-0.5.3.tgz#a0647d0b7ce835077aca33115e71eb26a83df8be"
  integrity sha512-tg9iTO/vPeovOM5CSk1WxYcsfBd/cd3twhBW5PrpcGUfiSEXlPB69eOxFKvSbZnpuDxBAyQ4YBgEkfnYL89Czw==

as-bignumber@0.2.1:
  version "0.2.1"
  resolved "https://registry.yarnpkg.com/as-bignumber/-/as-bignumber-0.2.1.tgz#6479caca7f24f784b10b3d2633cde457ef9cbc22"
  integrity sha512-udKOlFYKSZyuHK7upTczRR8lcXkyPS0DR6NOtP+c3bhM4B2B0VqMBTzqa0hdYG4Zss94zA6UmqpjreEbzNUo4g==
  dependencies:
    as-bigint "^0.5.1"

as-container@0.6.1:
  version "0.6.1"
  resolved "https://registry.yarnpkg.com/as-container/-/as-container-0.6.1.tgz#94806a91e96b68622c55f301fc04e6339a1228c2"
  integrity sha512-cgQ7P/dQAGeU2lLhPpinThYfFcUw3HzV8b00CoqV+l5Tsgpl7xhXdoc/2srCyK0um1BVAQwlrEpNTtthzkMF+g==

assemblyscript@0.19.23:
  version "0.19.23"
  resolved "https://registry.yarnpkg.com/assemblyscript/-/assemblyscript-0.19.23.tgz#16ece69f7f302161e2e736a0f6a474e6db72134c"
  integrity sha512-fwOQNZVTMga5KRsfY80g7cpOl4PsFQczMwHzdtgoqLXaYhkhavufKb0sB0l3T1DUxpAufA0KNhlbpuuhZUwxMA==
  dependencies:
    binaryen "102.0.0-nightly.20211028"
    long "^5.2.0"
    source-map-support "^0.5.20"

binaryen@102.0.0-nightly.20211028:
  version "102.0.0-nightly.20211028"
  resolved "https://registry.yarnpkg.com/binaryen/-/binaryen-102.0.0-nightly.20211028.tgz#8f1efb0920afd34509e342e37f84313ec936afb2"
  integrity sha512-GCJBVB5exbxzzvyt8MGDv/MeUjs6gkXDvf4xOIItRBptYl0Tz5sm1o/uG95YK0L0VeG5ajDu3hRtkBP2kzqC5w==

buffer-from@^1.0.0:
  version "1.1.2"
  resolved "https://registry.yarnpkg.com/buffer-from/-/buffer-from-1.1.2.tgz#2b146a6fd72e80b4f55d255f35ed59a3a9a41bd5"
  integrity sha512-E+XQCRwSbaaiChtv6k6Dwgc+bx+Bs6vuKJHHl5kox/BaKbhiXzqQOwK4cO22yElGp2OCmjwVhT3HmxgyPGnJfQ==

long@^5.2.0:
  version "5.2.0"
  resolved "https://registry.yarnpkg.com/long/-/long-5.2.0.tgz#2696dadf4b4da2ce3f6f6b89186085d94d52fd61"
  integrity sha512-9RTUNjK60eJbx3uz+TEGF7fUr29ZDxR5QzXcyDpeSfeH28S9ycINflOgOlppit5U+4kNTe83KQnMEerw7GmE8w==

source-map-support@^0.5.20:
  version "0.5.21"
  resolved "https://registry.yarnpkg.com/source-map-support/-/source-map-support-0.5.21.tgz#04fe7c7f9e1ed2d662233c28cb2b35b9f63f6e4f"
  integrity sha512-uBHU3L3czsIyYXKX88fdrGovxdSCoTGDRZ6SYXtSRxLZUzHg5P/66Ht6uoUlHu9EZod+inXhKo3qQgwXUT/y1w==
  dependencies:
    buffer-from "^1.0.0"
    source-map "^0.6.0"

source-map@^0.6.0:
  version "0.6.1"
  resolved "https://registry.yarnpkg.com/source-map/-/source-map-0.6.1.tgz#74722af32e9614e9c287a8d0bbde48b5e2f1a263"
  integrity sha512-UjgapumWlbMhkBgzT7Ykc5YXUT46F0iKu8SGXq0bcwP5dz/h0Plj6enJqjz1Zbq2l5WaqYnrVbwWOWMyF3F47g==
