# THIS IS AN AUTOGENERATED FILE. DO NOT EDIT THIS FILE DIRECTLY.
# yarn lockfile v1


"@polywrap/wasm-as@../../../../../../../wasm/as":
  version "0.9.0"
  dependencies:
    "@web3api/assemblyscript-json" "1.2.0"
    as-bigint "0.5.3"
    as-bignumber "0.2.1"
    as-container "0.6.1"

"@web3api/assemblyscript-json@1.2.0":
  version "1.2.0"
  resolved "https://registry.yarnpkg.com/@web3api/assemblyscript-json/-/assemblyscript-json-1.2.0.tgz#f01f11f12a66cd1a319d43f12e476307d1ad3da8"
  integrity sha512-x+wchJpH1giJzXj3dYs8vh2SKMXepeqVXiaFV/YCtXg4X/KaUnxi0kp5JugbEAyEJurEScH1YuV6IvGhGui/fw==

as-bigint@0.5.3, as-bigint@^0.5.1:
  version "0.5.3"
  resolved "https://registry.yarnpkg.com/as-bigint/-/as-bigint-0.5.3.tgz#a0647d0b7ce835077aca33115e71eb26a83df8be"
  integrity sha512-tg9iTO/vPeovOM5CSk1WxYcsfBd/cd3twhBW5PrpcGUfiSEXlPB69eOxFKvSbZnpuDxBAyQ4YBgEkfnYL89Czw==

as-bignumber@0.2.1:
  version "0.2.1"
  resolved "https://registry.yarnpkg.com/as-bignumber/-/as-bignumber-0.2.1.tgz#6479caca7f24f784b10b3d2633cde457ef9cbc22"
  integrity sha512-udKOlFYKSZyuHK7upTczRR8lcXkyPS0DR6NOtP+c3bhM4B2B0VqMBTzqa0hdYG4Zss94zA6UmqpjreEbzNUo4g==
  dependencies:
    as-bigint "^0.5.1"

as-container@0.6.1:
  version "0.6.1"
  resolved "https://registry.yarnpkg.com/as-container/-/as-container-0.6.1.tgz#94806a91e96b68622c55f301fc04e6339a1228c2"
  integrity sha512-cgQ7P/dQAGeU2lLhPpinThYfFcUw3HzV8b00CoqV+l5Tsgpl7xhXdoc/2srCyK0um1BVAQwlrEpNTtthzkMF+g==

assemblyscript@0.19.5:
  version "0.19.5"
  resolved "https://registry.yarnpkg.com/assemblyscript/-/assemblyscript-0.19.5.tgz#12f5976c41f6b866dd0d1aad5275dcd358a5d82f"
  integrity sha512-mAx7gcwjJI5OSu2RcOlugHFNxKt/rtWn3vyp46cN1+uXb7YSS//rgO044+KKwfxnGvoWj0ClsU0dNt5eWoXF7A==
  dependencies:
    binaryen "101.0.0-nightly.20210604"
    long "^4.0.0"

binaryen@101.0.0-nightly.20210604:
  version "101.0.0-nightly.20210604"
  resolved "https://registry.yarnpkg.com/binaryen/-/binaryen-101.0.0-nightly.20210604.tgz#3498a0a0c1108f3386b15ca79f1608425057db9e"
  integrity sha512-aTgX1JDN8m3tTFK8g9hazJcEOdQl7mK4yVfElkKAh7q+TRUCaea4a2SMLr1z2xZL7s9N4lkrvrBblxRuEPvxWQ==

long@^4.0.0:
  version "4.0.0"
  resolved "https://registry.yarnpkg.com/long/-/long-4.0.0.tgz#9a7b71cfb7d361a194ea555241c92f7468d5bf28"
  integrity sha512-XsP+KhQif4bjX1kbuSiySJFNAehNxgLb6hPRGJ9QsUr8ajHkuXGdrHmFUTUUXhDwVX2R5bY4JNZEwbUiMhV+MA==
