// !$*UTF8*$!
{
	archiveVersion = 1;
	classes = {
	};
	objectVersion = 46;
	objects = {

/* Begin PBXBuildFile section */
		02732C374C754D00E110B569 /* Pods_Template.framework in Frameworks */ = {isa = PBXBuildFile; fileRef = 3B08EB4DD92BB6AF921C27BB /* Pods_Template.framework */; };
		325CD01C1E3595ED753404C4 /* Types.swift in Sources */ = {isa = PBXBuildFile; fileRef = 325CD86A1F57BE60AEC085C3 /* Types.swift */; };
		325CD40E864DA7ADC1CB2181 /* TemplateUITestsLaunchTests.swift in Sources */ = {isa = PBXBuildFile; fileRef = 325CDA4AC23385D9B782FECB /* TemplateUITestsLaunchTests.swift */; };
		325CD4BE708F321A9A93E7E1 /* TemplateTests.swift in Sources */ = {isa = PBXBuildFile; fileRef = 325CD84471E35270EF3802A2 /* TemplateTests.swift */; };
		325CD5789BEE8BF8313DABED /* TemplateApp.swift in Sources */ = {isa = PBXBuildFile; fileRef = 325CD9A44432ABECF1D6B76C /* TemplateApp.swift */; };
		325CD661F280477EA45DA675 /* .gitignore in Resources */ = {isa = PBXBuildFile; fileRef = 325CD0F9D2C532A7F25418A1 /* .gitignore */; };
		325CD66BC44E6639D51A1FFD /* Assets.xcassets in Resources */ = {isa = PBXBuildFile; fileRef = 325CDA59A7E1898D035145B4 /* Assets.xcassets */; };
		325CD949EA835AA52FDF43B6 /* PolywrapDemo.swift in Sources */ = {isa = PBXBuildFile; fileRef = 325CDE2870EF96716D3B914C /* PolywrapDemo.swift */; };
		325CDC17EE821C6E2A0AFF1B /* TemplateUITests.swift in Sources */ = {isa = PBXBuildFile; fileRef = 325CDC5326AE79F370374A81 /* TemplateUITests.swift */; };
		325CDCA14FFC8FD7196D0A66 /* Preview Assets.xcassets in Resources */ = {isa = PBXBuildFile; fileRef = 325CDC91275EDF76BA1EF2CC /* Preview Assets.xcassets */; };
		325CDF7919AE64CF342A6FB9 /* ContentView.swift in Sources */ = {isa = PBXBuildFile; fileRef = 325CD0CA508259E6E43D0570 /* ContentView.swift */; };
		C22CE564CEE434EEE8ED4BD7 /* Pods_Template_TemplateUITests.framework in Frameworks */ = {isa = PBXBuildFile; fileRef = 2609162391CE301D844DFFD9 /* Pods_Template_TemplateUITests.framework */; };
		EC8CE51B9812EFC68AFADAA4 /* Pods_TemplateTests.framework in Frameworks */ = {isa = PBXBuildFile; fileRef = A2E6F0CB47745E049CC3A7DA /* Pods_TemplateTests.framework */; };
/* End PBXBuildFile section */

/* Begin PBXContainerItemProxy section */
		325CDF65B168F8CA75C0BDAD /* PBXContainerItemProxy */ = {
			isa = PBXContainerItemProxy;
			containerPortal = 325CD95361E760A294BF75AE /* Project object */;
			proxyType = 1;
			remoteGlobalIDString = 325CD428DB3735261EA72580;
			remoteInfo = Template;
		};
		325CDFA9A8268A16DF0527CD /* PBXContainerItemProxy */ = {
			isa = PBXContainerItemProxy;
			containerPortal = 325CD95361E760A294BF75AE /* Project object */;
			proxyType = 1;
			remoteGlobalIDString = 325CD428DB3735261EA72580;
			remoteInfo = Template;
		};
/* End PBXContainerItemProxy section */

/* Begin PBXFileReference section */
		01AC6638E41FE512EFFF0C96 /* Pods-Template-TemplateUITests.debug.xcconfig */ = {isa = PBXFileReference; includeInIndex = 1; lastKnownFileType = text.xcconfig; name = "Pods-Template-TemplateUITests.debug.xcconfig"; path = "Target Support Files/Pods-Template-TemplateUITests/Pods-Template-TemplateUITests.debug.xcconfig"; sourceTree = "<group>"; };
		09B4E0DE67FEA71AE7109530 /* Pods-TemplateTests.debug.xcconfig */ = {isa = PBXFileReference; includeInIndex = 1; lastKnownFileType = text.xcconfig; name = "Pods-TemplateTests.debug.xcconfig"; path = "Target Support Files/Pods-TemplateTests/Pods-TemplateTests.debug.xcconfig"; sourceTree = "<group>"; };
		126D1F5A1CC9F4B8F7F2D00E /* Pods-TemplateTests.release.xcconfig */ = {isa = PBXFileReference; includeInIndex = 1; lastKnownFileType = text.xcconfig; name = "Pods-TemplateTests.release.xcconfig"; path = "Target Support Files/Pods-TemplateTests/Pods-TemplateTests.release.xcconfig"; sourceTree = "<group>"; };
		2609162391CE301D844DFFD9 /* Pods_Template_TemplateUITests.framework */ = {isa = PBXFileReference; explicitFileType = wrapper.framework; includeInIndex = 0; path = Pods_Template_TemplateUITests.framework; sourceTree = BUILT_PRODUCTS_DIR; };
		325CD0CA508259E6E43D0570 /* ContentView.swift */ = {isa = PBXFileReference; lastKnownFileType = sourcecode.swift; path = ContentView.swift; sourceTree = "<group>"; };
		325CD0F9D2C532A7F25418A1 /* .gitignore */ = {isa = PBXFileReference; lastKnownFileType = file.gitignore; path = .gitignore; sourceTree = "<group>"; };
		325CD84471E35270EF3802A2 /* TemplateTests.swift */ = {isa = PBXFileReference; lastKnownFileType = sourcecode.swift; path = TemplateTests.swift; sourceTree = "<group>"; };
		325CD86A1F57BE60AEC085C3 /* Types.swift */ = {isa = PBXFileReference; fileEncoding = 4; lastKnownFileType = sourcecode.swift; path = Types.swift; sourceTree = "<group>"; };
		325CD9A44432ABECF1D6B76C /* TemplateApp.swift */ = {isa = PBXFileReference; lastKnownFileType = sourcecode.swift; path = TemplateApp.swift; sourceTree = "<group>"; };
		325CDA4AC23385D9B782FECB /* TemplateUITestsLaunchTests.swift */ = {isa = PBXFileReference; lastKnownFileType = sourcecode.swift; path = TemplateUITestsLaunchTests.swift; sourceTree = "<group>"; };
		325CDA59A7E1898D035145B4 /* Assets.xcassets */ = {isa = PBXFileReference; lastKnownFileType = folder.assetcatalog; path = Assets.xcassets; sourceTree = "<group>"; };
		325CDC5326AE79F370374A81 /* TemplateUITests.swift */ = {isa = PBXFileReference; lastKnownFileType = sourcecode.swift; path = TemplateUITests.swift; sourceTree = "<group>"; };
		325CDC91275EDF76BA1EF2CC /* Preview Assets.xcassets */ = {isa = PBXFileReference; lastKnownFileType = folder.assetcatalog; path = "Preview Assets.xcassets"; sourceTree = "<group>"; };
		325CDD8E9C10AD12BC1AFFDC /* TemplateUITests.xctest */ = {isa = PBXFileReference; explicitFileType = wrapper.cfbundle; includeInIndex = 0; path = TemplateUITests.xctest; sourceTree = BUILT_PRODUCTS_DIR; };
		325CDE2870EF96716D3B914C /* PolywrapDemo.swift */ = {isa = PBXFileReference; fileEncoding = 4; lastKnownFileType = sourcecode.swift; path = PolywrapDemo.swift; sourceTree = "<group>"; };
		325CDF0F06010E498AD79C31 /* TemplateTests.xctest */ = {isa = PBXFileReference; explicitFileType = wrapper.cfbundle; includeInIndex = 0; path = TemplateTests.xctest; sourceTree = BUILT_PRODUCTS_DIR; };
		325CDF225C702FE382EC4D9C /* Template.app */ = {isa = PBXFileReference; explicitFileType = wrapper.application; includeInIndex = 0; path = Template.app; sourceTree = BUILT_PRODUCTS_DIR; };
		3B08EB4DD92BB6AF921C27BB /* Pods_Template.framework */ = {isa = PBXFileReference; explicitFileType = wrapper.framework; includeInIndex = 0; path = Pods_Template.framework; sourceTree = BUILT_PRODUCTS_DIR; };
		4684DE3C8F35907E295AE661 /* Pods-Template-TemplateUITests.release.xcconfig */ = {isa = PBXFileReference; includeInIndex = 1; lastKnownFileType = text.xcconfig; name = "Pods-Template-TemplateUITests.release.xcconfig"; path = "Target Support Files/Pods-Template-TemplateUITests/Pods-Template-TemplateUITests.release.xcconfig"; sourceTree = "<group>"; };
		A2E6F0CB47745E049CC3A7DA /* Pods_TemplateTests.framework */ = {isa = PBXFileReference; explicitFileType = wrapper.framework; includeInIndex = 0; path = Pods_TemplateTests.framework; sourceTree = BUILT_PRODUCTS_DIR; };
		D67F5DB190919A59CADDB6D2 /* Pods-Template.debug.xcconfig */ = {isa = PBXFileReference; includeInIndex = 1; lastKnownFileType = text.xcconfig; name = "Pods-Template.debug.xcconfig"; path = "Target Support Files/Pods-Template/Pods-Template.debug.xcconfig"; sourceTree = "<group>"; };
		E0A04822BA2C7A35BED71CBA /* Pods-Template.release.xcconfig */ = {isa = PBXFileReference; includeInIndex = 1; lastKnownFileType = text.xcconfig; name = "Pods-Template.release.xcconfig"; path = "Target Support Files/Pods-Template/Pods-Template.release.xcconfig"; sourceTree = "<group>"; };
/* End PBXFileReference section */

/* Begin PBXFrameworksBuildPhase section */
		325CD005FE3BC15B5D710D09 /* Frameworks */ = {
			isa = PBXFrameworksBuildPhase;
			buildActionMask = 2147483647;
			files = (
				02732C374C754D00E110B569 /* Pods_Template.framework in Frameworks */,
			);
			runOnlyForDeploymentPostprocessing = 0;
		};
		325CD397CED35718A6B09B03 /* Frameworks */ = {
			isa = PBXFrameworksBuildPhase;
			buildActionMask = 2147483647;
			files = (
				EC8CE51B9812EFC68AFADAA4 /* Pods_TemplateTests.framework in Frameworks */,
			);
			runOnlyForDeploymentPostprocessing = 0;
		};
		325CD6D10AAA75916C0EA294 /* Frameworks */ = {
			isa = PBXFrameworksBuildPhase;
			buildActionMask = 2147483647;
			files = (
				C22CE564CEE434EEE8ED4BD7 /* Pods_Template_TemplateUITests.framework in Frameworks */,
			);
			runOnlyForDeploymentPostprocessing = 0;
		};
/* End PBXFrameworksBuildPhase section */

/* Begin PBXGroup section */
		28BAB8D8295EEBF0D3E2D2DB /* Frameworks */ = {
			isa = PBXGroup;
			children = (
				3B08EB4DD92BB6AF921C27BB /* Pods_Template.framework */,
				2609162391CE301D844DFFD9 /* Pods_Template_TemplateUITests.framework */,
				A2E6F0CB47745E049CC3A7DA /* Pods_TemplateTests.framework */,
			);
			name = Frameworks;
			sourceTree = "<group>";
		};
		325CD29F2A73BD4E4AADB86C /* TemplateTests */ = {
			isa = PBXGroup;
			children = (
				325CD84471E35270EF3802A2 /* TemplateTests.swift */,
			);
			path = TemplateTests;
			sourceTree = "<group>";
		};
		325CD488CE031F75D9C9BD44 /* Template */ = {
			isa = PBXGroup;
			children = (
				325CDA59A7E1898D035145B4 /* Assets.xcassets */,
				325CD70D72F4A0263F1E4994 /* Preview Content */,
				325CD9A44432ABECF1D6B76C /* TemplateApp.swift */,
				325CD0CA508259E6E43D0570 /* ContentView.swift */,
				325CDE2870EF96716D3B914C /* PolywrapDemo.swift */,
				325CDF8BAF8602A0BB697935 /* wrap */,
			);
			path = Template;
			sourceTree = "<group>";
		};
		325CD70D72F4A0263F1E4994 /* Preview Content */ = {
			isa = PBXGroup;
			children = (
				325CDC91275EDF76BA1EF2CC /* Preview Assets.xcassets */,
			);
			path = "Preview Content";
			sourceTree = "<group>";
		};
		325CDAC14B1F77AD19BA45FF /* TemplateUITests */ = {
			isa = PBXGroup;
			children = (
				325CDC5326AE79F370374A81 /* TemplateUITests.swift */,
				325CDA4AC23385D9B782FECB /* TemplateUITestsLaunchTests.swift */,
			);
			path = TemplateUITests;
			sourceTree = "<group>";
		};
		325CDE0FC69CF2AD55D89DE2 /* Products */ = {
			isa = PBXGroup;
			children = (
				325CDF225C702FE382EC4D9C /* Template.app */,
				325CDF0F06010E498AD79C31 /* TemplateTests.xctest */,
				325CDD8E9C10AD12BC1AFFDC /* TemplateUITests.xctest */,
			);
			name = Products;
			sourceTree = "<group>";
		};
		325CDF3E382774BE3E55ADF8 = {
			isa = PBXGroup;
			children = (
				325CDE0FC69CF2AD55D89DE2 /* Products */,
				325CD488CE031F75D9C9BD44 /* Template */,
				325CD29F2A73BD4E4AADB86C /* TemplateTests */,
				325CDAC14B1F77AD19BA45FF /* TemplateUITests */,
				96E8DA920B13AD32615E559E /* Pods */,
				28BAB8D8295EEBF0D3E2D2DB /* Frameworks */,
				325CD0F9D2C532A7F25418A1 /* .gitignore */,
			);
			sourceTree = "<group>";
		};
		325CDF8BAF8602A0BB697935 /* wrap */ = {
			isa = PBXGroup;
			children = (
				325CD86A1F57BE60AEC085C3 /* Types.swift */,
			);
			path = wrap;
			sourceTree = "<group>";
		};
		96E8DA920B13AD32615E559E /* Pods */ = {
			isa = PBXGroup;
			children = (
				D67F5DB190919A59CADDB6D2 /* Pods-Template.debug.xcconfig */,
				E0A04822BA2C7A35BED71CBA /* Pods-Template.release.xcconfig */,
				01AC6638E41FE512EFFF0C96 /* Pods-Template-TemplateUITests.debug.xcconfig */,
				4684DE3C8F35907E295AE661 /* Pods-Template-TemplateUITests.release.xcconfig */,
				09B4E0DE67FEA71AE7109530 /* Pods-TemplateTests.debug.xcconfig */,
				126D1F5A1CC9F4B8F7F2D00E /* Pods-TemplateTests.release.xcconfig */,
			);
			name = Pods;
			path = Pods;
			sourceTree = "<group>";
		};
/* End PBXGroup section */

/* Begin PBXNativeTarget section */
		325CD1E3A8A6B239F6304930 /* TemplateTests */ = {
			isa = PBXNativeTarget;
			buildConfigurationList = 325CD488DAD67B633A312E11 /* Build configuration list for PBXNativeTarget "TemplateTests" */;
			buildPhases = (
				D0FE742163D6212A7285B003 /* [CP] Check Pods Manifest.lock */,
				325CD15E7AB3388FA6F8E63C /* Sources */,
				325CD397CED35718A6B09B03 /* Frameworks */,
				325CDCB7FF8C30C151EE714F /* Resources */,
			);
			buildRules = (
			);
			dependencies = (
				325CD9BBD269F054F7714473 /* PBXTargetDependency */,
			);
			name = TemplateTests;
			productName = TemplateTests;
			productReference = 325CDF0F06010E498AD79C31 /* TemplateTests.xctest */;
			productType = "com.apple.product-type.bundle.unit-test";
		};
		325CD428DB3735261EA72580 /* Template */ = {
			isa = PBXNativeTarget;
			buildConfigurationList = 325CDA2EFA658133CBD58D75 /* Build configuration list for PBXNativeTarget "Template" */;
			buildPhases = (
				CA2B02721EAC820E5F6C6605 /* [CP] Check Pods Manifest.lock */,
				325CD8AA973AC69368298162 /* Sources */,
				325CD005FE3BC15B5D710D09 /* Frameworks */,
				325CD37C4705FF3BE3E683A9 /* Resources */,
				AD84133719614E0F06E169DC /* [CP] Embed Pods Frameworks */,
			);
			buildRules = (
			);
			dependencies = (
			);
			name = Template;
			productName = Template;
			productReference = 325CDF225C702FE382EC4D9C /* Template.app */;
			productType = "com.apple.product-type.application";
		};
		325CDBE6A5174A8F4BD1F670 /* TemplateUITests */ = {
			isa = PBXNativeTarget;
			buildConfigurationList = 325CDE6A0D3E4843DDD7F3A2 /* Build configuration list for PBXNativeTarget "TemplateUITests" */;
			buildPhases = (
				8D41DE2464F76929C2CA56EF /* [CP] Check Pods Manifest.lock */,
				325CD9B8074E35E758750908 /* Sources */,
				325CD6D10AAA75916C0EA294 /* Frameworks */,
				325CDA4713EBFC604B1A12C6 /* Resources */,
				563C09DCFA5511B84715666D /* [CP] Embed Pods Frameworks */,
			);
			buildRules = (
			);
			dependencies = (
				325CD5B2B08D71F8892E032C /* PBXTargetDependency */,
			);
			name = TemplateUITests;
			productName = TemplateUITests;
			productReference = 325CDD8E9C10AD12BC1AFFDC /* TemplateUITests.xctest */;
			productType = "com.apple.product-type.bundle.ui-testing";
		};
/* End PBXNativeTarget section */

/* Begin PBXProject section */
		325CD95361E760A294BF75AE /* Project object */ = {
			isa = PBXProject;
			buildConfigurationList = 325CD402815A95037B2D7DDD /* Build configuration list for PBXProject "Template" */;
			compatibilityVersion = "Xcode 3.2";
			developmentRegion = English;
			hasScannedForEncodings = 0;
			knownRegions = (
				en,
			);
			mainGroup = 325CDF3E382774BE3E55ADF8;
			productRefGroup = 325CDE0FC69CF2AD55D89DE2 /* Products */;
			projectDirPath = "";
			projectRoot = "";
			targets = (
				325CD428DB3735261EA72580 /* Template */,
				325CD1E3A8A6B239F6304930 /* TemplateTests */,
				325CDBE6A5174A8F4BD1F670 /* TemplateUITests */,
			);
		};
/* End PBXProject section */

/* Begin PBXResourcesBuildPhase section */
		325CD37C4705FF3BE3E683A9 /* Resources */ = {
			isa = PBXResourcesBuildPhase;
			buildActionMask = 2147483647;
			files = (
				325CD66BC44E6639D51A1FFD /* Assets.xcassets in Resources */,
				325CDCA14FFC8FD7196D0A66 /* Preview Assets.xcassets in Resources */,
				325CD661F280477EA45DA675 /* .gitignore in Resources */,
			);
			runOnlyForDeploymentPostprocessing = 0;
		};
		325CDA4713EBFC604B1A12C6 /* Resources */ = {
			isa = PBXResourcesBuildPhase;
			buildActionMask = 2147483647;
			files = (
			);
			runOnlyForDeploymentPostprocessing = 0;
		};
		325CDCB7FF8C30C151EE714F /* Resources */ = {
			isa = PBXResourcesBuildPhase;
			buildActionMask = 2147483647;
			files = (
			);
			runOnlyForDeploymentPostprocessing = 0;
		};
/* End PBXResourcesBuildPhase section */

/* Begin PBXShellScriptBuildPhase section */
		563C09DCFA5511B84715666D /* [CP] Embed Pods Frameworks */ = {
			isa = PBXShellScriptBuildPhase;
			buildActionMask = 2147483647;
			files = (
			);
			inputPaths = (
				"${PODS_ROOT}/Target Support Files/Pods-Template-TemplateUITests/Pods-Template-TemplateUITests-frameworks.sh",
				"${BUILT_PRODUCTS_DIR}/AsyncObjects/AsyncObjects.framework",
				"${BUILT_PRODUCTS_DIR}/MessagePacker/MessagePacker.framework",
				"${BUILT_PRODUCTS_DIR}/OrderedCollections/OrderedCollections.framework",
			);
			name = "[CP] Embed Pods Frameworks";
			outputPaths = (
				"${TARGET_BUILD_DIR}/${FRAMEWORKS_FOLDER_PATH}/AsyncObjects.framework",
				"${TARGET_BUILD_DIR}/${FRAMEWORKS_FOLDER_PATH}/MessagePacker.framework",
				"${TARGET_BUILD_DIR}/${FRAMEWORKS_FOLDER_PATH}/OrderedCollections.framework",
			);
			runOnlyForDeploymentPostprocessing = 0;
			shellPath = /bin/sh;
			shellScript = "\"${PODS_ROOT}/Target Support Files/Pods-Template-TemplateUITests/Pods-Template-TemplateUITests-frameworks.sh\"\n";
			showEnvVarsInLog = 0;
		};
		8D41DE2464F76929C2CA56EF /* [CP] Check Pods Manifest.lock */ = {
			isa = PBXShellScriptBuildPhase;
			buildActionMask = 2147483647;
			files = (
			);
			inputFileListPaths = (
			);
			inputPaths = (
				"${PODS_PODFILE_DIR_PATH}/Podfile.lock",
				"${PODS_ROOT}/Manifest.lock",
			);
			name = "[CP] Check Pods Manifest.lock";
			outputFileListPaths = (
			);
			outputPaths = (
				"$(DERIVED_FILE_DIR)/Pods-Template-TemplateUITests-checkManifestLockResult.txt",
			);
			runOnlyForDeploymentPostprocessing = 0;
			shellPath = /bin/sh;
			shellScript = "diff \"${PODS_PODFILE_DIR_PATH}/Podfile.lock\" \"${PODS_ROOT}/Manifest.lock\" > /dev/null\nif [ $? != 0 ] ; then\n    # print error to STDERR\n    echo \"error: The sandbox is not in sync with the Podfile.lock. Run 'pod install' or update your CocoaPods installation.\" >&2\n    exit 1\nfi\n# This output is used by Xcode 'outputs' to avoid re-running this script phase.\necho \"SUCCESS\" > \"${SCRIPT_OUTPUT_FILE_0}\"\n";
			showEnvVarsInLog = 0;
		};
		AD84133719614E0F06E169DC /* [CP] Embed Pods Frameworks */ = {
			isa = PBXShellScriptBuildPhase;
			buildActionMask = 2147483647;
			files = (
			);
			inputPaths = (
				"${PODS_ROOT}/Target Support Files/Pods-Template/Pods-Template-frameworks.sh",
				"${BUILT_PRODUCTS_DIR}/AsyncObjects/AsyncObjects.framework",
				"${BUILT_PRODUCTS_DIR}/MessagePacker/MessagePacker.framework",
				"${BUILT_PRODUCTS_DIR}/OrderedCollections/OrderedCollections.framework",
			);
			name = "[CP] Embed Pods Frameworks";
			outputPaths = (
				"${TARGET_BUILD_DIR}/${FRAMEWORKS_FOLDER_PATH}/AsyncObjects.framework",
				"${TARGET_BUILD_DIR}/${FRAMEWORKS_FOLDER_PATH}/MessagePacker.framework",
				"${TARGET_BUILD_DIR}/${FRAMEWORKS_FOLDER_PATH}/OrderedCollections.framework",
			);
			runOnlyForDeploymentPostprocessing = 0;
			shellPath = /bin/sh;
			shellScript = "\"${PODS_ROOT}/Target Support Files/Pods-Template/Pods-Template-frameworks.sh\"\n";
			showEnvVarsInLog = 0;
		};
		CA2B02721EAC820E5F6C6605 /* [CP] Check Pods Manifest.lock */ = {
			isa = PBXShellScriptBuildPhase;
			buildActionMask = 2147483647;
			files = (
			);
			inputFileListPaths = (
			);
			inputPaths = (
				"${PODS_PODFILE_DIR_PATH}/Podfile.lock",
				"${PODS_ROOT}/Manifest.lock",
			);
			name = "[CP] Check Pods Manifest.lock";
			outputFileListPaths = (
			);
			outputPaths = (
				"$(DERIVED_FILE_DIR)/Pods-Template-checkManifestLockResult.txt",
			);
			runOnlyForDeploymentPostprocessing = 0;
			shellPath = /bin/sh;
			shellScript = "diff \"${PODS_PODFILE_DIR_PATH}/Podfile.lock\" \"${PODS_ROOT}/Manifest.lock\" > /dev/null\nif [ $? != 0 ] ; then\n    # print error to STDERR\n    echo \"error: The sandbox is not in sync with the Podfile.lock. Run 'pod install' or update your CocoaPods installation.\" >&2\n    exit 1\nfi\n# This output is used by Xcode 'outputs' to avoid re-running this script phase.\necho \"SUCCESS\" > \"${SCRIPT_OUTPUT_FILE_0}\"\n";
			showEnvVarsInLog = 0;
		};
		D0FE742163D6212A7285B003 /* [CP] Check Pods Manifest.lock */ = {
			isa = PBXShellScriptBuildPhase;
			buildActionMask = 2147483647;
			files = (
			);
			inputFileListPaths = (
			);
			inputPaths = (
				"${PODS_PODFILE_DIR_PATH}/Podfile.lock",
				"${PODS_ROOT}/Manifest.lock",
			);
			name = "[CP] Check Pods Manifest.lock";
			outputFileListPaths = (
			);
			outputPaths = (
				"$(DERIVED_FILE_DIR)/Pods-TemplateTests-checkManifestLockResult.txt",
			);
			runOnlyForDeploymentPostprocessing = 0;
			shellPath = /bin/sh;
			shellScript = "diff \"${PODS_PODFILE_DIR_PATH}/Podfile.lock\" \"${PODS_ROOT}/Manifest.lock\" > /dev/null\nif [ $? != 0 ] ; then\n    # print error to STDERR\n    echo \"error: The sandbox is not in sync with the Podfile.lock. Run 'pod install' or update your CocoaPods installation.\" >&2\n    exit 1\nfi\n# This output is used by Xcode 'outputs' to avoid re-running this script phase.\necho \"SUCCESS\" > \"${SCRIPT_OUTPUT_FILE_0}\"\n";
			showEnvVarsInLog = 0;
		};
/* End PBXShellScriptBuildPhase section */

/* Begin PBXSourcesBuildPhase section */
		325CD15E7AB3388FA6F8E63C /* Sources */ = {
			isa = PBXSourcesBuildPhase;
			buildActionMask = 2147483647;
			files = (
				325CD4BE708F321A9A93E7E1 /* TemplateTests.swift in Sources */,
			);
			runOnlyForDeploymentPostprocessing = 0;
		};
		325CD8AA973AC69368298162 /* Sources */ = {
			isa = PBXSourcesBuildPhase;
			buildActionMask = 2147483647;
			files = (
				325CD5789BEE8BF8313DABED /* TemplateApp.swift in Sources */,
				325CDF7919AE64CF342A6FB9 /* ContentView.swift in Sources */,
				325CD949EA835AA52FDF43B6 /* PolywrapDemo.swift in Sources */,
				325CD01C1E3595ED753404C4 /* Types.swift in Sources */,
			);
			runOnlyForDeploymentPostprocessing = 0;
		};
		325CD9B8074E35E758750908 /* Sources */ = {
			isa = PBXSourcesBuildPhase;
			buildActionMask = 2147483647;
			files = (
				325CDC17EE821C6E2A0AFF1B /* TemplateUITests.swift in Sources */,
				325CD40E864DA7ADC1CB2181 /* TemplateUITestsLaunchTests.swift in Sources */,
			);
			runOnlyForDeploymentPostprocessing = 0;
		};
/* End PBXSourcesBuildPhase section */

/* Begin PBXTargetDependency section */
		325CD5B2B08D71F8892E032C /* PBXTargetDependency */ = {
			isa = PBXTargetDependency;
			target = 325CD428DB3735261EA72580 /* Template */;
			targetProxy = 325CDFA9A8268A16DF0527CD /* PBXContainerItemProxy */;
		};
		325CD9BBD269F054F7714473 /* PBXTargetDependency */ = {
			isa = PBXTargetDependency;
			target = 325CD428DB3735261EA72580 /* Template */;
			targetProxy = 325CDF65B168F8CA75C0BDAD /* PBXContainerItemProxy */;
		};
/* End PBXTargetDependency section */

/* Begin XCBuildConfiguration section */
		325CD21275452A4142DEF236 /* Debug */ = {
			isa = XCBuildConfiguration;
			baseConfigurationReference = D67F5DB190919A59CADDB6D2 /* Pods-Template.debug.xcconfig */;
			buildSettings = {
				ASSETCATALOG_COMPILER_APPICON_NAME = AppIcon;
				ASSETCATALOG_COMPILER_GLOBAL_ACCENT_COLOR_NAME = AccentColor;
				CURRENT_PROJECT_VERSION = 1;
				DEVELOPMENT_ASSET_PATHS = "\"Template/Preview Content\"";
				ENABLE_PREVIEWS = YES;
				GENERATE_INFOPLIST_FILE = YES;
				INFOPLIST_KEY_UIApplicationSceneManifest_Generation = YES;
				INFOPLIST_KEY_UIApplicationSupportsIndirectInputEvents = YES;
				INFOPLIST_KEY_UILaunchScreen_Generation = YES;
				INFOPLIST_KEY_UISupportedInterfaceOrientations_iPad = "UIInterfaceOrientationPortrait UIInterfaceOrientationPortraitUpsideDown UIInterfaceOrientationLandscapeLeft UIInterfaceOrientationLandscapeRight";
				INFOPLIST_KEY_UISupportedInterfaceOrientations_iPhone = "UIInterfaceOrientationPortrait UIInterfaceOrientationLandscapeLeft UIInterfaceOrientationLandscapeRight";
				LD_RUNPATH_SEARCH_PATHS = "$(inherited) @executable_path/Frameworks";
				MARKETING_VERSION = 1.0;
				PRODUCT_BUNDLE_IDENTIFIER = io.polywrap.Template;
				PRODUCT_NAME = "$(TARGET_NAME)";
				SWIFT_EMIT_LOC_STRINGS = YES;
				SWIFT_VERSION = 5.0;
				TARGETED_DEVICE_FAMILY = "1,2";
			};
			name = Debug;
		};
		325CD58682DABB6A323A13B9 /* Debug */ = {
			isa = XCBuildConfiguration;
			buildSettings = {
				ALWAYS_SEARCH_USER_PATHS = NO;
				CLANG_ANALYZER_NONNULL = YES;
				CLANG_ANALYZER_NUMBER_OBJECT_CONVERSION = YES_AGGRESSIVE;
				CLANG_CXX_LANGUAGE_STANDARD = "gnu++20";
				CLANG_ENABLE_MODULES = YES;
				CLANG_ENABLE_OBJC_ARC = YES;
				CLANG_ENABLE_OBJC_WEAK = YES;
				CLANG_WARN_BLOCK_CAPTURE_AUTORELEASING = YES;
				CLANG_WARN_BOOL_CONVERSION = YES;
				CLANG_WARN_COMMA = YES;
				CLANG_WARN_CONSTANT_CONVERSION = YES;
				CLANG_WARN_DEPRECATED_OBJC_IMPLEMENTATIONS = YES;
				CLANG_WARN_DIRECT_OBJC_ISA_USAGE = YES_ERROR;
				CLANG_WARN_DOCUMENTATION_COMMENTS = YES;
				CLANG_WARN_EMPTY_BODY = YES;
				CLANG_WARN_ENUM_CONVERSION = YES;
				CLANG_WARN_INFINITE_RECURSION = YES;
				CLANG_WARN_INT_CONVERSION = YES;
				CLANG_WARN_NON_LITERAL_NULL_CONVERSION = YES;
				CLANG_WARN_OBJC_IMPLICIT_RETAIN_SELF = YES;
				CLANG_WARN_OBJC_LITERAL_CONVERSION = YES;
				CLANG_WARN_OBJC_ROOT_CLASS = YES_ERROR;
				CLANG_WARN_QUOTED_INCLUDE_IN_FRAMEWORK_HEADER = YES;
				CLANG_WARN_RANGE_LOOP_ANALYSIS = YES;
				CLANG_WARN_STRICT_PROTOTYPES = YES;
				CLANG_WARN_SUSPICIOUS_MOVE = YES;
				CLANG_WARN_UNGUARDED_AVAILABILITY = YES_AGGRESSIVE;
				CLANG_WARN_UNREACHABLE_CODE = YES;
				CLANG_WARN__DUPLICATE_METHOD_MATCH = YES;
				COPY_PHASE_STRIP = NO;
				DEBUG_INFORMATION_FORMAT = dwarf;
				ENABLE_STRICT_OBJC_MSGSEND = YES;
				ENABLE_TESTABILITY = YES;
				GCC_C_LANGUAGE_STANDARD = gnu11;
				GCC_DYNAMIC_NO_PIC = NO;
				GCC_NO_COMMON_BLOCKS = YES;
				GCC_OPTIMIZATION_LEVEL = 0;
				GCC_PREPROCESSOR_DEFINITIONS = (
					"DEBUG=1",
					"$(inherited)",
				);
				GCC_WARN_64_TO_32_BIT_CONVERSION = YES;
				GCC_WARN_ABOUT_RETURN_TYPE = YES_ERROR;
				GCC_WARN_UNDECLARED_SELECTOR = YES;
				GCC_WARN_UNINITIALIZED_AUTOS = YES_AGGRESSIVE;
				GCC_WARN_UNUSED_FUNCTION = YES;
				GCC_WARN_UNUSED_VARIABLE = YES;
				IPHONEOS_DEPLOYMENT_TARGET = 16.2;
				MTL_ENABLE_DEBUG_INFO = INCLUDE_SOURCE;
				MTL_FAST_MATH = YES;
				ONLY_ACTIVE_ARCH = YES;
				SDKROOT = iphoneos;
				SWIFT_ACTIVE_COMPILATION_CONDITIONS = DEBUG;
				SWIFT_OPTIMIZATION_LEVEL = "-Onone";
			};
			name = Debug;
		};
		325CD5B88DF285D6AF5912FE /* Debug */ = {
			isa = XCBuildConfiguration;
			baseConfigurationReference = 09B4E0DE67FEA71AE7109530 /* Pods-TemplateTests.debug.xcconfig */;
			buildSettings = {
				BUNDLE_LOADER = "$(BUILT_PRODUCTS_DIR)/Template.app/Template";
				CURRENT_PROJECT_VERSION = 1;
				GENERATE_INFOPLIST_FILE = YES;
				MARKETING_VERSION = 1.0;
				PRODUCT_BUNDLE_IDENTIFIER = io.polywrap.TemplateTests;
				PRODUCT_NAME = "$(TARGET_NAME)";
				SWIFT_EMIT_LOC_STRINGS = NO;
				SWIFT_VERSION = 5.0;
				TARGETED_DEVICE_FAMILY = "1,2";
				TEST_HOST = "$(BUNDLE_LOADER)";
			};
			name = Debug;
		};
		325CD6B293764B5186373BA4 /* Release */ = {
			isa = XCBuildConfiguration;
			baseConfigurationReference = 4684DE3C8F35907E295AE661 /* Pods-Template-TemplateUITests.release.xcconfig */;
			buildSettings = {
				CURRENT_PROJECT_VERSION = 1;
				GENERATE_INFOPLIST_FILE = YES;
				MARKETING_VERSION = 1.0;
				PRODUCT_BUNDLE_IDENTIFIER = io.polywrap.TemplateUITests;
				PRODUCT_NAME = "$(TARGET_NAME)";
				SWIFT_EMIT_LOC_STRINGS = NO;
				SWIFT_VERSION = 5.0;
				TARGETED_DEVICE_FAMILY = "1,2";
				TEST_TARGET_NAME = Template;
			};
			name = Release;
		};
		325CDBDD1C604B6723AE7931 /* Release */ = {
			isa = XCBuildConfiguration;
			buildSettings = {
				ALWAYS_SEARCH_USER_PATHS = NO;
				CLANG_ANALYZER_NONNULL = YES;
				CLANG_ANALYZER_NUMBER_OBJECT_CONVERSION = YES_AGGRESSIVE;
				CLANG_CXX_LANGUAGE_STANDARD = "gnu++20";
				CLANG_ENABLE_MODULES = YES;
				CLANG_ENABLE_OBJC_ARC = YES;
				CLANG_ENABLE_OBJC_WEAK = YES;
				CLANG_WARN_BLOCK_CAPTURE_AUTORELEASING = YES;
				CLANG_WARN_BOOL_CONVERSION = YES;
				CLANG_WARN_COMMA = YES;
				CLANG_WARN_CONSTANT_CONVERSION = YES;
				CLANG_WARN_DEPRECATED_OBJC_IMPLEMENTATIONS = YES;
				CLANG_WARN_DIRECT_OBJC_ISA_USAGE = YES_ERROR;
				CLANG_WARN_DOCUMENTATION_COMMENTS = YES;
				CLANG_WARN_EMPTY_BODY = YES;
				CLANG_WARN_ENUM_CONVERSION = YES;
				CLANG_WARN_INFINITE_RECURSION = YES;
				CLANG_WARN_INT_CONVERSION = YES;
				CLANG_WARN_NON_LITERAL_NULL_CONVERSION = YES;
				CLANG_WARN_OBJC_IMPLICIT_RETAIN_SELF = YES;
				CLANG_WARN_OBJC_LITERAL_CONVERSION = YES;
				CLANG_WARN_OBJC_ROOT_CLASS = YES_ERROR;
				CLANG_WARN_QUOTED_INCLUDE_IN_FRAMEWORK_HEADER = YES;
				CLANG_WARN_RANGE_LOOP_ANALYSIS = YES;
				CLANG_WARN_STRICT_PROTOTYPES = YES;
				CLANG_WARN_SUSPICIOUS_MOVE = YES;
				CLANG_WARN_UNGUARDED_AVAILABILITY = YES_AGGRESSIVE;
				CLANG_WARN_UNREACHABLE_CODE = YES;
				CLANG_WARN__DUPLICATE_METHOD_MATCH = YES;
				COPY_PHASE_STRIP = NO;
				DEBUG_INFORMATION_FORMAT = "dwarf-with-dsym";
				ENABLE_NS_ASSERTIONS = NO;
				ENABLE_STRICT_OBJC_MSGSEND = YES;
				GCC_C_LANGUAGE_STANDARD = gnu11;
				GCC_NO_COMMON_BLOCKS = YES;
				GCC_WARN_64_TO_32_BIT_CONVERSION = YES;
				GCC_WARN_ABOUT_RETURN_TYPE = YES_ERROR;
				GCC_WARN_UNDECLARED_SELECTOR = YES;
				GCC_WARN_UNINITIALIZED_AUTOS = YES_AGGRESSIVE;
				GCC_WARN_UNUSED_FUNCTION = YES;
				GCC_WARN_UNUSED_VARIABLE = YES;
				IPHONEOS_DEPLOYMENT_TARGET = 16.2;
				MTL_ENABLE_DEBUG_INFO = NO;
				MTL_FAST_MATH = YES;
				SDKROOT = iphoneos;
				SWIFT_COMPILATION_MODE = wholemodule;
				SWIFT_OPTIMIZATION_LEVEL = "-O";
				VALIDATE_PRODUCT = YES;
			};
			name = Release;
		};
		325CDC33175DAAFC9D843396 /* Release */ = {
			isa = XCBuildConfiguration;
			baseConfigurationReference = E0A04822BA2C7A35BED71CBA /* Pods-Template.release.xcconfig */;
			buildSettings = {
				ASSETCATALOG_COMPILER_APPICON_NAME = AppIcon;
				ASSETCATALOG_COMPILER_GLOBAL_ACCENT_COLOR_NAME = AccentColor;
				CURRENT_PROJECT_VERSION = 1;
				DEVELOPMENT_ASSET_PATHS = "\"Template/Preview Content\"";
				ENABLE_PREVIEWS = YES;
				GENERATE_INFOPLIST_FILE = YES;
				INFOPLIST_KEY_UIApplicationSceneManifest_Generation = YES;
				INFOPLIST_KEY_UIApplicationSupportsIndirectInputEvents = YES;
				INFOPLIST_KEY_UILaunchScreen_Generation = YES;
				INFOPLIST_KEY_UISupportedInterfaceOrientations_iPad = "UIInterfaceOrientationPortrait UIInterfaceOrientationPortraitUpsideDown UIInterfaceOrientationLandscapeLeft UIInterfaceOrientationLandscapeRight";
				INFOPLIST_KEY_UISupportedInterfaceOrientations_iPhone = "UIInterfaceOrientationPortrait UIInterfaceOrientationLandscapeLeft UIInterfaceOrientationLandscapeRight";
				LD_RUNPATH_SEARCH_PATHS = "$(inherited) @executable_path/Frameworks";
				MARKETING_VERSION = 1.0;
				PRODUCT_BUNDLE_IDENTIFIER = io.polywrap.Template;
				PRODUCT_NAME = "$(TARGET_NAME)";
				SWIFT_EMIT_LOC_STRINGS = YES;
				SWIFT_VERSION = 5.0;
				TARGETED_DEVICE_FAMILY = "1,2";
			};
			name = Release;
		};
		325CDD0B8E657E78C3800636 /* Release */ = {
			isa = XCBuildConfiguration;
			baseConfigurationReference = 126D1F5A1CC9F4B8F7F2D00E /* Pods-TemplateTests.release.xcconfig */;
			buildSettings = {
				BUNDLE_LOADER = "$(BUILT_PRODUCTS_DIR)/Template.app/Template";
				CURRENT_PROJECT_VERSION = 1;
				GENERATE_INFOPLIST_FILE = YES;
				MARKETING_VERSION = 1.0;
				PRODUCT_BUNDLE_IDENTIFIER = io.polywrap.TemplateTests;
				PRODUCT_NAME = "$(TARGET_NAME)";
				SWIFT_EMIT_LOC_STRINGS = NO;
				SWIFT_VERSION = 5.0;
				TARGETED_DEVICE_FAMILY = "1,2";
				TEST_HOST = "$(BUNDLE_LOADER)";
			};
			name = Release;
		};
		325CDFF2FA9BAF46B0954A21 /* Debug */ = {
			isa = XCBuildConfiguration;
			baseConfigurationReference = 01AC6638E41FE512EFFF0C96 /* Pods-Template-TemplateUITests.debug.xcconfig */;
			buildSettings = {
				CURRENT_PROJECT_VERSION = 1;
				GENERATE_INFOPLIST_FILE = YES;
				MARKETING_VERSION = 1.0;
				PRODUCT_BUNDLE_IDENTIFIER = io.polywrap.TemplateUITests;
				PRODUCT_NAME = "$(TARGET_NAME)";
				SWIFT_EMIT_LOC_STRINGS = NO;
				SWIFT_VERSION = 5.0;
				TARGETED_DEVICE_FAMILY = "1,2";
				TEST_TARGET_NAME = Template;
			};
			name = Debug;
		};
/* End XCBuildConfiguration section */

/* Begin XCConfigurationList section */
		325CD402815A95037B2D7DDD /* Build configuration list for PBXProject "Template" */ = {
			isa = XCConfigurationList;
			buildConfigurations = (
				325CD58682DABB6A323A13B9 /* Debug */,
				325CDBDD1C604B6723AE7931 /* Release */,
			);
			defaultConfigurationIsVisible = 0;
			defaultConfigurationName = Release;
		};
		325CD488DAD67B633A312E11 /* Build configuration list for PBXNativeTarget "TemplateTests" */ = {
			isa = XCConfigurationList;
			buildConfigurations = (
				325CD5B88DF285D6AF5912FE /* Debug */,
				325CDD0B8E657E78C3800636 /* Release */,
			);
			defaultConfigurationIsVisible = 0;
		};
		325CDA2EFA658133CBD58D75 /* Build configuration list for PBXNativeTarget "Template" */ = {
			isa = XCConfigurationList;
			buildConfigurations = (
				325CD21275452A4142DEF236 /* Debug */,
				325CDC33175DAAFC9D843396 /* Release */,
			);
			defaultConfigurationIsVisible = 0;
		};
		325CDE6A0D3E4843DDD7F3A2 /* Build configuration list for PBXNativeTarget "TemplateUITests" */ = {
			isa = XCConfigurationList;
			buildConfigurations = (
				325CDFF2FA9BAF46B0954A21 /* Debug */,
				325CD6B293764B5186373BA4 /* Release */,
			);
			defaultConfigurationIsVisible = 0;
		};
/* End XCConfigurationList section */
	};
	rootObject = 325CD95361E760A294BF75AE /* Project object */;
}
