# THIS IS AN AUTOGENERATED FILE. DO NOT EDIT THIS FILE DIRECTLY.
# yarn lockfile v1


"@web3api/templates@0.0.1-prealpha.5":
  version "0.0.1-prealpha.5"
  resolved "https://registry.yarnpkg.com/@web3api/templates/-/templates-0.0.1-prealpha.5.tgz#24d73eeebed7c7f2a2e8938b523b9aa3b010b6ff"
  integrity sha512-Kx/E3LrZa0Z/LTNlPr77FgwKlNcZfo9twH92gpwnFQ3lslhWSPOfkvup8l8j2Oty7U0BwnfvGLqtRs29HMRfsw==
