# THIS IS AN AUTOGENERATED FILE. DO NOT EDIT THIS FILE DIRECTLY.
# yarn lockfile v1


"@msgpack/msgpack@2.7.2":
  version "2.7.2"
  resolved "https://registry.yarnpkg.com/@msgpack/msgpack/-/msgpack-2.7.2.tgz#f34b8aa0c49f0dd55eb7eba577081299cbf3f90b"
  integrity sha512-rYEi46+gIzufyYUAoHDnRzkWGxajpD9vVXFQ3g1vbjrBm6P7MBmm+s/fqPa46sxa+8FOUdEuRQKaugo5a4JWpw==

"@opentelemetry/api-metrics@0.20.0":
  version "0.20.0"
  resolved "https://registry.yarnpkg.com/@opentelemetry/api-metrics/-/api-metrics-0.20.0.tgz#5c332cadfacd1fa966318292ba8dbb542f5ead57"
  integrity sha512-S/OeOuk5W8nlv2dp4JQmIzZvafpOKhEb4j9gWdWQaM0+U+Cv+yQlboeTQHFcpj5obwJ7AzTHrwnL6ApV8dtmuw==

"@opentelemetry/api@0.20.0":
  version "0.20.0"
  resolved "https://registry.yarnpkg.com/@opentelemetry/api/-/api-0.20.0.tgz#d4e26d30dc0c5da697d1ff51434ad8f0cf30e565"
  integrity sha512-n06MtDYEc2H07S/NTvGMlxF2Ijp0YbNrI/rBgLcxpEh3hxOkPZA12gxlUoZkBHWCZYau2j3b/uL+QFpiQKOjSw==

"@opentelemetry/context-async-hooks@0.20.0":
  version "0.20.0"
  resolved "https://registry.yarnpkg.com/@opentelemetry/context-async-hooks/-/context-async-hooks-0.20.0.tgz#44c457eb2359ff3086bb8fc5d306b2efd91921d9"
  integrity sha512-4cuTIPpufWRDdShtvT0c30/jHfO9eXzUh6tU087J8aO8J/hckyCIlN03eB7pfqPwQzLnWONGdHOpGjLSY7q4tg==

"@opentelemetry/context-zone-peer-dep@0.20.0":
  version "0.20.0"
  resolved "https://registry.yarnpkg.com/@opentelemetry/context-zone-peer-dep/-/context-zone-peer-dep-0.20.0.tgz#d9d9da21466471609f49dd4ac6c231a21473165b"
  integrity sha512-IuR21APoAwPMkEwYtRQW1bEqFZttmwflloNr8eWXlb19kH6E8oTvDkH0dTTQWfEkj7T/R93ePPlDMh98L05AfQ==

"@opentelemetry/context-zone@0.20.0":
  version "0.20.0"
  resolved "https://registry.yarnpkg.com/@opentelemetry/context-zone/-/context-zone-0.20.0.tgz#88b59ed212f07f0286e99f4dda218d20f211fcdd"
  integrity sha512-jefasByZ4qlx4QT8jeQoenemlxFMNXqP/4dQaJEQi8OyzaFFdOvRLHc3dJLMV2Icq0z7Vdir44icI+sbXnHp0A==
  dependencies:
    "@opentelemetry/context-zone-peer-dep" "0.20.0"
    zone.js "^0.11.0"

"@opentelemetry/core@0.20.0":
  version "0.20.0"
  resolved "https://registry.yarnpkg.com/@opentelemetry/core/-/core-0.20.0.tgz#2fc9619fa225c7ea7a6169ac578f89c9894b5900"
  integrity sha512-09zQqB4vp2jcyBnglA/TFklDQoVgWrFKtr9pDm0q3Oa1bD2Hwpq+JapBAw18YdMQsLNQM/qsXhFlS3gFDVEy4A==
  dependencies:
    "@opentelemetry/semantic-conventions" "0.20.0"
    semver "^7.1.3"

"@opentelemetry/exporter-collector@0.20.0":
  version "0.20.0"
  resolved "https://registry.yarnpkg.com/@opentelemetry/exporter-collector/-/exporter-collector-0.20.0.tgz#e8fe1d3411f115d3b113115c2a78e16b3dacacd1"
  integrity sha512-ka4FHPqXYZpTRx2KYTUpBB9gqzwtzuVBvxew5/0TpR8W3yP2gUErWPsUBrch2tRBQ7jY2kJN5sfkJPVt/j1X9w==
  dependencies:
    "@opentelemetry/api-metrics" "0.20.0"
    "@opentelemetry/core" "0.20.0"
    "@opentelemetry/metrics" "0.20.0"
    "@opentelemetry/resources" "0.20.0"
    "@opentelemetry/tracing" "0.20.0"

"@opentelemetry/exporter-jaeger@0.20.0":
  version "0.20.0"
  resolved "https://registry.yarnpkg.com/@opentelemetry/exporter-jaeger/-/exporter-jaeger-0.20.0.tgz#7d7da470a68ce3bd10038444609e4efdb74dc4cf"
  integrity sha512-tzxuta6Z5YWHFDavIoXYB3cr7/y6WBieQiXnXfjuh9JEagUPE3en+0Qdc4Iu65E38eFNI8G3HWABoavWfRuvRQ==
  dependencies:
    "@opentelemetry/core" "0.20.0"
    "@opentelemetry/semantic-conventions" "0.20.0"
    "@opentelemetry/tracing" "0.20.0"
    jaeger-client "^3.15.0"

"@opentelemetry/exporter-zipkin@0.20.0":
  version "0.20.0"
  resolved "https://registry.yarnpkg.com/@opentelemetry/exporter-zipkin/-/exporter-zipkin-0.20.0.tgz#636e9f02d4c561da2b3b58565a08ce840df9a2e4"
  integrity sha512-SoCcx749YkYAwnep6KZeR1zyQeg55uxDL/ZX5zP1ZMblmVcYIO8X7aNFBIHM9IlvbArNnYHMECBu7idCJPA/WQ==
  dependencies:
    "@opentelemetry/core" "0.20.0"
    "@opentelemetry/resources" "0.20.0"
    "@opentelemetry/semantic-conventions" "0.20.0"
    "@opentelemetry/tracing" "0.20.0"

"@opentelemetry/metrics@0.20.0":
  version "0.20.0"
  resolved "https://registry.yarnpkg.com/@opentelemetry/metrics/-/metrics-0.20.0.tgz#9f8b2652929a830513dc6949e2471f325c1e8dbd"
  integrity sha512-1jqtRvI+AdRIG+Up8njOgooOxa570uoWTKgokanllcCRp2gOOnkgLQ8YQhbArX0F4Xi2FHYe7o5vDO3J0Aj5kA==
  dependencies:
    "@opentelemetry/api-metrics" "0.20.0"
    "@opentelemetry/core" "0.20.0"
    "@opentelemetry/resources" "0.20.0"
    lodash.merge "^4.6.2"

"@opentelemetry/node@0.20.0":
  version "0.20.0"
  resolved "https://registry.yarnpkg.com/@opentelemetry/node/-/node-0.20.0.tgz#7d4594deb87f0c0133d4b97b78a5678a6f8554cf"
  integrity sha512-MVwnH/AoHQTz1jOhJTYXoAoQD4CA/3L7QQkiiA93f6QGaWKIHjI/+3fUtA/GCfPR9Kf0sItQ/aag8KtCJClPCw==
  dependencies:
    "@opentelemetry/context-async-hooks" "0.20.0"
    "@opentelemetry/core" "0.20.0"
    "@opentelemetry/propagator-b3" "0.20.0"
    "@opentelemetry/propagator-jaeger" "0.20.0"
    "@opentelemetry/tracing" "0.20.0"
    semver "^7.1.3"

"@opentelemetry/propagator-b3@0.20.0":
  version "0.20.0"
  resolved "https://registry.yarnpkg.com/@opentelemetry/propagator-b3/-/propagator-b3-0.20.0.tgz#78944a0527675c856b4f369dbfdd48d5272a434e"
  integrity sha512-TGI2D45oUVlbXVEWDedqxwO0WUtzchN/tuYghEHjRTNcVLLKT2ci9JwzHormC+ls98SYPDfvuzpB0+ParoexPQ==
  dependencies:
    "@opentelemetry/core" "0.20.0"

"@opentelemetry/propagator-jaeger@0.20.0":
  version "0.20.0"
  resolved "https://registry.yarnpkg.com/@opentelemetry/propagator-jaeger/-/propagator-jaeger-0.20.0.tgz#35fc5e0bfde1bef6afc0307f88a4b22135bc5c14"
  integrity sha512-6kdnd1ePADx4XDaFw4Ea47fdIZohhJbd30Fc4yvl0DO+RR5WEAiAho0IsoTj6L/qvOb/+LAfvjvdk2UOXgb/3Q==
  dependencies:
    "@opentelemetry/core" "0.20.0"

"@opentelemetry/resources@0.20.0":
  version "0.20.0"
  resolved "https://registry.yarnpkg.com/@opentelemetry/resources/-/resources-0.20.0.tgz#038d985c610600cde146ee1e95b6a124f3ad4754"
  integrity sha512-nnd3vIM+A9ih6kOVBc2CF5NkTYmdNci5aQ+A5lQjf3HqjEptcGubpg1J1Q84LSFVoITvuH2O6+GhPBrdxYBt8g==
  dependencies:
    "@opentelemetry/core" "0.20.0"
    "@opentelemetry/semantic-conventions" "0.20.0"

"@opentelemetry/semantic-conventions@0.20.0":
  version "0.20.0"
  resolved "https://registry.yarnpkg.com/@opentelemetry/semantic-conventions/-/semantic-conventions-0.20.0.tgz#adc7e391bba6db9bbaba04ae263c3e92b1703d44"
  integrity sha512-x40C3vQMttFlnNEfhFwO49jHrY6AoWnntL35TCem3LINr/aw1W0hGhdKY/zweC64CBJEyiHumaae480rqF8eOA==

"@opentelemetry/tracing@0.20.0":
  version "0.20.0"
  resolved "https://registry.yarnpkg.com/@opentelemetry/tracing/-/tracing-0.20.0.tgz#ff0224568925158244926661b339c0ac63a729ba"
  integrity sha512-8ZIH0IBxIucgza0BFNiCCLByUsvu45Dm5k292RlO/E8Z1q/J7otJmh9r/EkaFb0ZSyjNdawmJ1CXnlU7+IQN1w==
  dependencies:
    "@opentelemetry/core" "0.20.0"
    "@opentelemetry/resources" "0.20.0"
    "@opentelemetry/semantic-conventions" "0.20.0"
    lodash.merge "^4.6.2"

"@opentelemetry/web@0.20.0":
  version "0.20.0"
  resolved "https://registry.yarnpkg.com/@opentelemetry/web/-/web-0.20.0.tgz#e0e090f0dcd35ebaa068c2e98f1b69d1a4aacfce"
  integrity sha512-Ysja/YtlM/9hYKp8NUk63rSXQWT8N4uLWCyE/diW+iJDvUHY6DrNkSYKFYk5oRc50McYFq2Yqkmm/y1hRDCwHg==
  dependencies:
    "@opentelemetry/core" "0.20.0"
    "@opentelemetry/semantic-conventions" "0.20.0"
    "@opentelemetry/tracing" "0.20.0"

"@polywrap/core-js@0.0.1-prealpha.91":
  version "0.0.1-prealpha.91"
  resolved "https://registry.yarnpkg.com/@polywrap/core-js/-/core-js-0.0.1-prealpha.91.tgz#e54b412cab8acf3abdc5ae06fe42078374109c0b"
  integrity sha512-7CoeKLa+aHbDfo1hhLp6tSnNYo4jRqSuI293/H9Gl34tRov6tGi3m0N5f47CJIRM1nXyKFepodr/usNtrBwbbw==
  dependencies:
    "@msgpack/msgpack" "2.7.2"
    "@polywrap/manifest-schemas" "0.0.1-prealpha.91"
    "@polywrap/tracing-js" "0.0.1-prealpha.91"
    graphql "15.5.0"
    graphql-tag "2.10.4"
    js-yaml "3.14.0"
    jsonschema "1.4.0"
    semver "7.3.5"

"@polywrap/manifest-schemas@0.0.1-prealpha.91":
  version "0.0.1-prealpha.91"
  resolved "https://registry.yarnpkg.com/@polywrap/manifest-schemas/-/manifest-schemas-0.0.1-prealpha.91.tgz#3d696fdc782553c7d459fd3ec9455ae66b16a6b8"
  integrity sha512-AjoRkOtGFdeb8UMDY/ZAsQH2M6JkzaEfEOr8yM1AzanMI7WSv0dGDarkvjOFplq3mtoTFGhL9d1hJZ6Ac1TPUw==

"@polywrap/tracing-js@0.0.1-prealpha.91":
  version "0.0.1-prealpha.91"
  resolved "https://registry.yarnpkg.com/@polywrap/tracing-js/-/tracing-js-0.0.1-prealpha.91.tgz#d5df9b825299ddcf938cde87acbf361faabe452f"
  integrity sha512-wC8dm9K/hU2kF+mSKPMeR6WUpavvgAt9d60q17Zd2DqUY7SPASBuqyFwshLAzDl3JHw9Kd+5LKjwYRdBwRDjAw==
  dependencies:
    "@opentelemetry/api" "0.20.0"
    "@opentelemetry/context-zone" "0.20.0"
    "@opentelemetry/core" "0.20.0"
    "@opentelemetry/exporter-collector" "0.20.0"
    "@opentelemetry/exporter-jaeger" "0.20.0"
    "@opentelemetry/exporter-zipkin" "0.20.0"
    "@opentelemetry/node" "0.20.0"
    "@opentelemetry/propagator-b3" "0.20.0"
    "@opentelemetry/tracing" "0.20.0"
    "@opentelemetry/web" "0.20.0"
    browser-util-inspect "0.2.0"

"@types/prettier@2.6.0":
  version "2.6.0"
  resolved "https://registry.yarnpkg.com/@types/prettier/-/prettier-2.6.0.tgz#efcbd41937f9ae7434c714ab698604822d890759"
  integrity sha512-G/AdOadiZhnJp0jXCaBQU449W2h716OW/EoXeYkCytxKL06X1WCXB4DZpp8TpZ8eyIJVS1cw4lrlkkSYU21cDw==

ansi-color@^0.2.1:
  version "0.2.1"
  resolved "https://registry.yarnpkg.com/ansi-color/-/ansi-color-0.2.1.tgz#3e75c037475217544ed763a8db5709fa9ae5bf9a"
  integrity sha512-bF6xLaZBLpOQzgYUtYEhJx090nPSZk1BQ/q2oyBK9aMMcJHzx9uXGCjI2Y+LebsN4Jwoykr0V9whbPiogdyHoQ==

argparse@^1.0.7:
  version "1.0.10"
  resolved "https://registry.yarnpkg.com/argparse/-/argparse-1.0.10.tgz#bcd6791ea5ae09725e17e5ad988134cd40b3d911"
  integrity sha512-o5Roy6tNG4SL/FOkCAN6RzjiakZS25RLYFrcMttJqbdd8BWrnA+fGz57iN5Pb06pvBGvl5gQ0B48dJlslXvoTg==
  dependencies:
    sprintf-js "~1.0.2"

balanced-match@^1.0.0:
  version "1.0.2"
  resolved "https://registry.yarnpkg.com/balanced-match/-/balanced-match-1.0.2.tgz#e83e3a7e3f300b34cb9d87f615fa0cbf357690ee"
  integrity sha512-3oSeUO0TMV67hN1AmbXsK4yaqU7tjiHlbxRDZOpH0KW9+CeX4bRAaX0Anxt0tx2MrpRpWwQaPwIlISEJhYU5Pw==

brace-expansion@^1.1.7:
  version "1.1.11"
  resolved "https://registry.yarnpkg.com/brace-expansion/-/brace-expansion-1.1.11.tgz#3c7fcbf529d87226f3d2f52b966ff5271eb441dd"
  integrity sha512-iCuPHDFgrHX7H2vEI/5xpz07zSHB00TpugqhmYtVmMO6518mCuRMoOYFldEBl0g187ufozdaHgWKcYFb61qGiA==
  dependencies:
    balanced-match "^1.0.0"
    concat-map "0.0.1"

browser-util-inspect@0.2.0:
  version "0.2.0"
  resolved "https://registry.yarnpkg.com/browser-util-inspect/-/browser-util-inspect-0.2.0.tgz#cdda8ce1a4a07a4386035168a228c8777bff459c"
  integrity sha512-R7WvAj0p9FtwS2Jbtc1HUd1+YZdeb5EEqjBSbbOK3owJtW1viWyJDeTPy43QZ7bZ8POtb1yMv++h844486jMsQ==

bufrw@^1.3.0:
  version "1.3.0"
  resolved "https://registry.yarnpkg.com/bufrw/-/bufrw-1.3.0.tgz#28d6cfdaf34300376836310f5c31d57eeb40c8fa"
  integrity sha512-jzQnSbdJqhIltU9O5KUiTtljP9ccw2u5ix59McQy4pV2xGhVLhRZIndY8GIrgh5HjXa6+QJ9AQhOd2QWQizJFQ==
  dependencies:
    ansi-color "^0.2.1"
    error "^7.0.0"
    hexer "^1.5.0"
    xtend "^4.0.0"

concat-map@0.0.1:
  version "0.0.1"
  resolved "https://registry.yarnpkg.com/concat-map/-/concat-map-0.0.1.tgz#d8a96bd77fd68df7793a73036a3ba0d5405d477b"
  integrity sha512-/Srv4dswyQNBfohGpz9o6Yb3Gz3SrUDqBH5rTuhGR7ahtlbYKnVxw2bCFMRljaA7EXHaXZ8wsHdodFvbkhKmqg==

error@7.0.2:
  version "7.0.2"
  resolved "https://registry.yarnpkg.com/error/-/error-7.0.2.tgz#a5f75fff4d9926126ddac0ea5dc38e689153cb02"
  integrity sha512-UtVv4l5MhijsYUxPJo4390gzfZvAnTHreNnDjnTZaKIiZ/SemXxAhBkYSKtWa5RtBXbLP8tMgn/n0RUa/H7jXw==
  dependencies:
    string-template "~0.2.1"
    xtend "~4.0.0"

error@^7.0.0:
  version "7.2.1"
  resolved "https://registry.yarnpkg.com/error/-/error-7.2.1.tgz#eab21a4689b5f684fc83da84a0e390de82d94894"
  integrity sha512-fo9HBvWnx3NGUKMvMwB/CBCMMrfEJgbDTVDEkPygA3Bdd3lM1OyCd+rbQ8BwnpF6GdVeOLDNmyL4N5Bg80ZvdA==
  dependencies:
    string-template "~0.2.1"

esprima@^4.0.0:
  version "4.0.1"
  resolved "https://registry.yarnpkg.com/esprima/-/esprima-4.0.1.tgz#13b04cdb3e6c5d19df91ab6987a8695619b0aa71"
  integrity sha512-eGuFFw7Upda+g4p+QHvnW0RyTX/SVeJBDM/gCtMARO0cLuT2HcEKnTPvhjV6aGeqrCB/sbNop0Kszm0jsaWU4A==

fs.realpath@^1.0.0:
  version "1.0.0"
  resolved "https://registry.yarnpkg.com/fs.realpath/-/fs.realpath-1.0.0.tgz#1504ad2523158caa40db4a2787cb01411994ea4f"
  integrity sha512-OO0pH2lK6a0hZnAdau5ItzHPI6pUlvI7jMVnxUQRtw4owF2wk8lOSabtGDCTP4Ggrg2MbGnWO9X8K1t4+fGMDw==

glob@^7.1.3:
  version "7.2.3"
  resolved "https://registry.yarnpkg.com/glob/-/glob-7.2.3.tgz#b8df0fb802bbfa8e89bd1d938b4e16578ed44f2b"
  integrity sha512-nFR0zLpU2YCaRxwoCJvL6UvCH2JFyFVIvwTLsIf21AuHlMskA1hhTdk+LlYJtOlYt9v6dvszD2BGRqBL+iQK9Q==
  dependencies:
    fs.realpath "^1.0.0"
    inflight "^1.0.4"
    inherits "2"
    minimatch "^3.1.1"
    once "^1.3.0"
    path-is-absolute "^1.0.0"

graphql-tag@2.10.4:
  version "2.10.4"
  resolved "https://registry.yarnpkg.com/graphql-tag/-/graphql-tag-2.10.4.tgz#2f301a98219be8b178a6453bb7e33b79b66d8f83"
  integrity sha512-O7vG5BT3w6Sotc26ybcvLKNTdfr4GfsIVMD+LdYqXCeJIYPRyp8BIsDOUtxw7S1PYvRw5vH3278J2EDezR6mfA==

graphql@15.5.0:
  version "15.5.0"
  resolved "https://registry.yarnpkg.com/graphql/-/graphql-15.5.0.tgz#39d19494dbe69d1ea719915b578bf920344a69d5"
  integrity sha512-OmaM7y0kaK31NKG31q4YbD2beNYa6jBBKtMFT6gLYJljHLJr42IqJ8KX08u3Li/0ifzTU5HjmoOOrwa5BRLeDA==

hexer@^1.5.0:
  version "1.5.0"
  resolved "https://registry.yarnpkg.com/hexer/-/hexer-1.5.0.tgz#b86ce808598e8a9d1892c571f3cedd86fc9f0653"
  integrity sha512-dyrPC8KzBzUJ19QTIo1gXNqIISRXQ0NwteW6OeQHRN4ZuZeHkdODfj0zHBdOlHbRY8GqbqK57C9oWSvQZizFsg==
  dependencies:
    ansi-color "^0.2.1"
    minimist "^1.1.0"
    process "^0.10.0"
    xtend "^4.0.0"

inflight@^1.0.4:
  version "1.0.6"
  resolved "https://registry.yarnpkg.com/inflight/-/inflight-1.0.6.tgz#49bd6331d7d02d0c09bc910a1075ba8165b56df9"
  integrity sha512-k92I/b08q4wvFscXCLvqfsHCrjrF7yiXsQuIVvVE7N82W3+aqpzuUdBbfhWcy/FZR3/4IgflMgKLOsvPDrGCJA==
  dependencies:
    once "^1.3.0"
    wrappy "1"

inherits@2:
  version "2.0.4"
  resolved "https://registry.yarnpkg.com/inherits/-/inherits-2.0.4.tgz#0fa2c64f932917c3433a0ded55363aae37416b7c"
  integrity sha512-k/vGaX4/Yla3WzyMCvTQOXYeIHvqOKtnqBduzTHpzpQZzAskKMhZ2K+EnBiSM9zGSoIFeMpXKxa4dYeZIQqewQ==

jaeger-client@^3.15.0:
  version "3.19.0"
  resolved "https://registry.yarnpkg.com/jaeger-client/-/jaeger-client-3.19.0.tgz#9b5bd818ebd24e818616ee0f5cffe1722a53ae6e"
  integrity sha512-M0c7cKHmdyEUtjemnJyx/y9uX16XHocL46yQvyqDlPdvAcwPDbHrIbKjQdBqtiE4apQ/9dmr+ZLJYYPGnurgpw==
  dependencies:
    node-int64 "^0.4.0"
    opentracing "^0.14.4"
    thriftrw "^3.5.0"
    uuid "^8.3.2"
    xorshift "^1.1.1"

js-yaml@3.14.0:
  version "3.14.0"
  resolved "https://registry.yarnpkg.com/js-yaml/-/js-yaml-3.14.0.tgz#a7a34170f26a21bb162424d8adacb4113a69e482"
  integrity sha512-/4IbIeHcD9VMHFqDR/gQ7EdZdLimOvW2DdcxFjdyyZ9NsbS+ccrXqVWDtab/lRl5AlUqmpBx8EhPaWR+OtY17A==
  dependencies:
    argparse "^1.0.7"
    esprima "^4.0.0"

jsonschema@1.4.0:
  version "1.4.0"
  resolved "https://registry.yarnpkg.com/jsonschema/-/jsonschema-1.4.0.tgz#1afa34c4bc22190d8e42271ec17ac8b3404f87b2"
  integrity sha512-/YgW6pRMr6M7C+4o8kS+B/2myEpHCrxO4PEWnqJNBFMjn7EWXqlQ4tGwL6xTHeRplwuZmcAncdvfOad1nT2yMw==

lodash.merge@^4.6.2:
  version "4.6.2"
  resolved "https://registry.yarnpkg.com/lodash.merge/-/lodash.merge-4.6.2.tgz#558aa53b43b661e1925a0afdfa36a9a1085fe57a"
  integrity sha512-0KpjqXRVvrYyCsX1swR/XTK0va6VQkQM6MNo7PqW77ByjAhoARA8EfrP1N4+KlKj8YS0ZUCtRT/YUuhyYDujIQ==

long@^2.4.0:
  version "2.4.0"
  resolved "https://registry.yarnpkg.com/long/-/long-2.4.0.tgz#9fa180bb1d9500cdc29c4156766a1995e1f4524f"
  integrity sha512-ijUtjmO/n2A5PaosNG9ZGDsQ3vxJg7ZW8vsY8Kp0f2yIZWhSJvjmegV7t+9RPQKxKrvj8yKGehhS+po14hPLGQ==

lru-cache@^6.0.0:
  version "6.0.0"
  resolved "https://registry.yarnpkg.com/lru-cache/-/lru-cache-6.0.0.tgz#6d6fe6570ebd96aaf90fcad1dafa3b2566db3a94"
  integrity sha512-Jo6dJ04CmSjuznwJSS3pUeWmd/H0ffTlkXXgwZi+eq1UCmqQwCh+eLsYOYCwY991i2Fah4h1BEMCx4qThGbsiA==
  dependencies:
    yallist "^4.0.0"

minimatch@^3.1.1:
  version "3.1.2"
  resolved "https://registry.yarnpkg.com/minimatch/-/minimatch-3.1.2.tgz#19cd194bfd3e428f049a70817c038d89ab4be35b"
  integrity sha512-J7p63hRiAjw1NDEww1W7i37+ByIrOWO5XQQAzZ3VOcL0PNybwpfmV/N05zFAzwQ9USyEcX6t3UO+K5aqBQOIHw==
  dependencies:
    brace-expansion "^1.1.7"

minimist@^1.1.0:
  version "1.2.6"
  resolved "https://registry.yarnpkg.com/minimist/-/minimist-1.2.6.tgz#8637a5b759ea0d6e98702cfb3a9283323c93af44"
  integrity sha512-Jsjnk4bw3YJqYzbdyBiNsPWHPfO++UGG749Cxs6peCu5Xg4nrena6OVxOYxrQTqww0Jmwt+Ref8rggumkTLz9Q==

node-int64@^0.4.0:
  version "0.4.0"
  resolved "https://registry.yarnpkg.com/node-int64/-/node-int64-0.4.0.tgz#87a9065cdb355d3182d8f94ce11188b825c68a3b"
  integrity sha512-O5lz91xSOeoXP6DulyHfllpq+Eg00MWitZIbtPfoSEvqIHdl5gfcY6hYzDWnj0qD5tz52PI08u9qUvSVeUBeHw==

once@^1.3.0:
  version "1.4.0"
  resolved "https://registry.yarnpkg.com/once/-/once-1.4.0.tgz#583b1aa775961d4b113ac17d9c50baef9dd76bd1"
  integrity sha512-lNaJgI+2Q5URQBkccEKHTQOPaXdUxnZZElQTZY0MFUAuaEqe1E+Nyvgdz/aIyNi6Z9MzO5dv1H8n58/GELp3+w==
  dependencies:
    wrappy "1"

opentracing@^0.14.4:
  version "0.14.7"
  resolved "https://registry.yarnpkg.com/opentracing/-/opentracing-0.14.7.tgz#25d472bd0296dc0b64d7b94cbc995219031428f5"
  integrity sha512-vz9iS7MJ5+Bp1URw8Khvdyw1H/hGvzHWlKQ7eRrQojSCDL1/SrWfrY9QebLw97n2deyRtzHRC3MkQfVNUCo91Q==

path-is-absolute@^1.0.0:
  version "1.0.1"
  resolved "https://registry.yarnpkg.com/path-is-absolute/-/path-is-absolute-1.0.1.tgz#174b9268735534ffbc7ace6bf53a5a9e1b5c5f5f"
  integrity sha512-AVbw3UJ2e9bq64vSaS9Am0fje1Pa8pbGqTTsmXfaIiMpnr5DlDhfJOuLj9Sf95ZPVDAUerDfEk88MPmPe7UCQg==

process@^0.10.0:
  version "0.10.1"
  resolved "https://registry.yarnpkg.com/process/-/process-0.10.1.tgz#842457cc51cfed72dc775afeeafb8c6034372725"
  integrity sha512-dyIett8dgGIZ/TXKUzeYExt7WA6ldDzys9vTDU/cCA9L17Ypme+KzS+NjQCjpn9xsvi/shbMC+yP/BcFMBz0NA==

rimraf@3.0.2:
  version "3.0.2"
  resolved "https://registry.yarnpkg.com/rimraf/-/rimraf-3.0.2.tgz#f1a5402ba6220ad52cc1282bac1ae3aa49fd061a"
  integrity sha512-JZkJMZkAGFFPP2YqXZXPbMlMBgsxzE8ILs4lMIX/2o0L9UBw9O/Y3o6wFw/i9YLapcUJWwqbi3kdxIPdC62TIA==
  dependencies:
    glob "^7.1.3"

semver@7.3.5:
  version "7.3.5"
  resolved "https://registry.yarnpkg.com/semver/-/semver-7.3.5.tgz#0b621c879348d8998e4b0e4be94b3f12e6018ef7"
  integrity sha512-PoeGJYh8HK4BTO/a9Tf6ZG3veo/A7ZVsYrSA6J8ny9nb3B1VrpkuN+z9OE5wfE5p6H4LchYZsegiQgbJD94ZFQ==
  dependencies:
    lru-cache "^6.0.0"

semver@^7.1.3:
  version "7.3.7"
  resolved "https://registry.yarnpkg.com/semver/-/semver-7.3.7.tgz#12c5b649afdbf9049707796e22a4028814ce523f"
  integrity sha512-QlYTucUYOews+WeEujDoEGziz4K6c47V/Bd+LjSSYcA94p+DmINdf7ncaUinThfvZyu13lN9OY1XDxt8C0Tw0g==
  dependencies:
    lru-cache "^6.0.0"

sprintf-js@~1.0.2:
  version "1.0.3"
  resolved "https://registry.yarnpkg.com/sprintf-js/-/sprintf-js-1.0.3.tgz#04e6926f662895354f3dd015203633b857297e2c"
  integrity sha512-D9cPgkvLlV3t3IzL0D0YLvGA9Ahk4PcvVwUbN0dSGr1aP0Nrt4AEnTUbuGvquEC0mA64Gqt1fzirlRs5ibXx8g==

string-template@~0.2.1:
  version "0.2.1"
  resolved "https://registry.yarnpkg.com/string-template/-/string-template-0.2.1.tgz#42932e598a352d01fc22ec3367d9d84eec6c9add"
  integrity sha512-Yptehjogou2xm4UJbxJ4CxgZx12HBfeystp0y3x7s4Dj32ltVVG1Gg8YhKjHZkHicuKpZX/ffilA8505VbUbpw==

thriftrw@^3.5.0:
  version "3.12.0"
  resolved "https://registry.yarnpkg.com/thriftrw/-/thriftrw-3.12.0.tgz#30857847755e7f036b2e0a79d11c9f55075539d9"
  integrity sha512-4YZvR4DPEI41n4Opwr4jmrLGG4hndxr7387kzRFIIzxHQjarPusH4lGXrugvgb7TtPrfZVTpZCVe44/xUxowEw==
  dependencies:
    bufrw "^1.3.0"
    error "7.0.2"
    long "^2.4.0"

tslib@^2.3.0:
  version "2.4.0"
  resolved "https://registry.yarnpkg.com/tslib/-/tslib-2.4.0.tgz#7cecaa7f073ce680a05847aa77be941098f36dc3"
  integrity sha512-d6xOpEDfsi2CZVlPQzGeux8XMwLT9hssAsaPYExaQMuYskwb+x1x7J371tWlbBdWHroy99KnVB6qIkUbs5X3UQ==

typescript@4.0.7:
  version "4.0.7"
  resolved "https://registry.yarnpkg.com/typescript/-/typescript-4.0.7.tgz#7168032c43d2a2671c95c07812f69523c79590af"
  integrity sha512-yi7M4y74SWvYbnazbn8/bmJmX4Zlej39ZOqwG/8dut/MYoSQ119GY9ZFbbGsD4PFZYWxqik/XsP3vk3+W5H3og==

uuid@^8.3.2:
  version "8.3.2"
  resolved "https://registry.yarnpkg.com/uuid/-/uuid-8.3.2.tgz#80d5b5ced271bb9af6c445f21a1a04c606cefbe2"
  integrity sha512-+NYs2QeMWy+GWFOEm9xnn6HCDp0l7QBD7ml8zLUmJ+93Q5NF0NocErnwkTkXVFNiX3/fpC6afS8Dhb/gz7R7eg==

wrappy@1:
  version "1.0.2"
  resolved "https://registry.yarnpkg.com/wrappy/-/wrappy-1.0.2.tgz#b5243d8f3ec1aa35f1364605bc0d1036e30ab69f"
  integrity sha512-l4Sp/DRseor9wL6EvV2+TuQn63dMkPjZ/sp9XkghTEbV9KlPS1xUsZ3u7/IQO4wxtcFB4bgpQPRcR3QCvezPcQ==

xorshift@^1.1.1:
  version "1.2.0"
  resolved "https://registry.yarnpkg.com/xorshift/-/xorshift-1.2.0.tgz#30a4cdd8e9f8d09d959ed2a88c42a09c660e8148"
  integrity sha512-iYgNnGyeeJ4t6U11NpA/QiKy+PXn5Aa3Azg5qkwIFz1tBLllQrjjsk9yzD7IAK0naNU4JxdeDgqW9ov4u/hc4g==

xtend@^4.0.0, xtend@~4.0.0:
  version "4.0.2"
  resolved "https://registry.yarnpkg.com/xtend/-/xtend-4.0.2.tgz#bb72779f5fa465186b1f438f674fa347fdb5db54"
  integrity sha512-LKYU1iAXJXUgAXn9URjiu+MWhyUXHsvfp7mcuYm9dSUKK0/CjtrUwFAxD82/mCWbtLsGjFIad0wIsod4zrTAEQ==

yallist@^4.0.0:
  version "4.0.0"
  resolved "https://registry.yarnpkg.com/yallist/-/yallist-4.0.0.tgz#9bb92790d9c0effec63be73519e11a35019a3a72"
  integrity sha512-3wdGidZyq5PB084XLES5TpOSRA3wjXAlIWMhum2kRcv/41Sn2emQ0dycQW4uZXLejwKvg6EsvbdlVL+FYEct7A==

zone.js@^0.11.0:
  version "0.11.6"
  resolved "https://registry.yarnpkg.com/zone.js/-/zone.js-0.11.6.tgz#c7cacfc298fe24bb585329ca04a44d9e2e840e74"
  integrity sha512-umJqFtKyZlPli669gB1gOrRE9hxUUGkZr7mo878z+NEBJZZixJkKeVYfnoLa7g25SseUDc92OZrMKKHySyJrFg==
  dependencies:
    tslib "^2.3.0"
