# THIS IS AN AUTOGENERATED FILE. DO NOT EDIT THIS FILE DIRECTLY.
# yarn lockfile v1


"@web3api/templates@0.0.1-prealpha.7":
  version "0.0.1-prealpha.7"
  resolved "https://registry.yarnpkg.com/@web3api/templates/-/templates-0.0.1-prealpha.7.tgz#5bf531d65fecb365eb60b575cb635b642de44a3e"
  integrity sha512-78vzjHhhUXqO2Fs1j/lCtGdsH8bkB7wZWflNEzvgjiI83UgpAPk7QgpaJSrMYOUTT2lcdU+FmB2PAle/xGU1wQ==
