# THIS IS AN AUTOGENERATED FILE. DO NOT EDIT THIS FILE DIRECTLY.
# yarn lockfile v1


"@polywrap/templates@0.9.6":
  version "0.9.6"
  resolved "https://registry.yarnpkg.com/@polywrap/templates/-/templates-0.9.6.tgz#755d10b1a0d72c4d0e0f81054d42e48f1686d61c"
  integrity sha512-Dlr8C5QFKbz7w2jWmwCJj4BS6KVFgYTVa+6CeP1kHXztzgF41U0gZ9ZvKZtqyuea2dYixzL8S+ol2yy/4CZGdQ==
